
Microsoft Visual Studio Solution File, Format Version 12.00
# Visual Studio Version 16
VisualStudioVersion = 16.0.30804.86
MinimumVisualStudioVersion = 10.0.40219.1
Project("{9A19103F-16F7-4668-BE54-9A1E7A4F7556}") = "Kampintro", "Kampintro\Kampintro.csproj", "{8941A175-2C29-42C5-93C4-D490FB271224}"
EndProject
Project("{9A19103F-16F7-4668-BE54-9A1E7A4F7556}") = "Donguler", "Donguler\Donguler.csproj", "{6C38F173-94A0-48CB-8076-23CCD9B46E44}"
EndProject
Project("{9A19103F-16F7-4668-BE54-9A1E7A4F7556}") = "ClassInfo", "ClassInfo\ClassInfo.csproj", "{AB9507E1-D8A8-4D94-A101-8C008A0D5313}"
EndProject
Project("{9A19103F-16F7-4668-BE54-9A1E7A4F7556}") = "Metotlar", "Metotlar\Metotlar.csproj", "{B2D17A92-4899-4D1D-902A-0DE16336D2EC}"
EndProject
Project("{9A19103F-16F7-4668-BE54-9A1E7A4F7556}") = "Matematik", "Matematik\Matematik.csproj", "{C786CF94-E227-4204-8A88-02EE7CBED927}"
EndProject
Project("{9A19103F-16F7-4668-BE54-9A1E7A4F7556}") = "DegerVeReferansTipler", "DegerVeReferansTipler\DegerVeReferansTipler.csproj", "{E07F912E-B343-487D-A349-DAB62A154F5D}"
EndProject
Project("{9A19103F-16F7-4668-BE54-9A1E7A4F7556}") = "OOP1", "OOP1\OOP1.csproj", "{4E3F1449-2108-48C7-B436-A4C44E27AB90}"
EndProject
Project("{9A19103F-16F7-4668-BE54-9A1E7A4F7556}") = "Collections", "Collections\Collections.csproj", "{5D61ABD3-FBB4-4483-9C34-51040ED1437F}"
EndProject
Project("{9A19103F-16F7-4668-BE54-9A1E7A4F7556}") = "GenericsIntro", "GenericsIntro\GenericsIntro.csproj", "{51C412CA-87C6-4DC2-9A8D-2AE6226DF13A}"
EndProject
Project("{9A19103F-16F7-4668-BE54-9A1E7A4F7556}") = "OOP2", "OOP2\OOP2.csproj", "{DBC7338E-2B14-4F3F-90A4-C1938C25BED9}"
EndProject
Project("{9A19103F-16F7-4668-BE54-9A1E7A4F7556}") = "OOP3", "OOP3\OOP3.csproj", "{7FFE0DF6-40CB-4CC1-B4AD-D9A0E3A6F158}"
EndProject
Global
	GlobalSection(SolutionConfigurationPlatforms) = preSolution
		Debug|Any CPU = Debug|Any CPU
		Release|Any CPU = Release|Any CPU
	EndGlobalSection
	GlobalSection(ProjectConfigurationPlatforms) = postSolution
		{8941A175-2C29-42C5-93C4-D490FB271224}.Debug|Any CPU.ActiveCfg = Debug|Any CPU
		{8941A175-2C29-42C5-93C4-D490FB271224}.Debug|Any CPU.Build.0 = Debug|Any CPU
		{8941A175-2C29-42C5-93C4-D490FB271224}.Release|Any CPU.ActiveCfg = Release|Any CPU
		{8941A175-2C29-42C5-93C4-D490FB271224}.Release|Any CPU.Build.0 = Release|Any CPU
		{6C38F173-94A0-48CB-8076-23CCD9B46E44}.Debug|Any CPU.ActiveCfg = Debug|Any CPU
		{6C38F173-94A0-48CB-8076-23CCD9B46E44}.Debug|Any CPU.Build.0 = Debug|Any CPU
		{6C38F173-94A0-48CB-8076-23CCD9B46E44}.Release|Any CPU.ActiveCfg = Release|Any CPU
		{6C38F173-94A0-48CB-8076-23CCD9B46E44}.Release|Any CPU.Build.0 = Release|Any CPU
		{AB9507E1-D8A8-4D94-A101-8C008A0D5313}.Debug|Any CPU.ActiveCfg = Debug|Any CPU
		{AB9507E1-D8A8-4D94-A101-8C008A0D5313}.Debug|Any CPU.Build.0 = Debug|Any CPU
		{AB9507E1-D8A8-4D94-A101-8C008A0D5313}.Release|Any CPU.ActiveCfg = Release|Any CPU
		{AB9507E1-D8A8-4D94-A101-8C008A0D5313}.Release|Any CPU.Build.0 = Release|Any CPU
		{B2D17A92-4899-4D1D-902A-0DE16336D2EC}.Debug|Any CPU.ActiveCfg = Debug|Any CPU
		{B2D17A92-4899-4D1D-902A-0DE16336D2EC}.Debug|Any CPU.Build.0 = Debug|Any CPU
		{B2D17A92-4899-4D1D-902A-0DE16336D2EC}.Release|Any CPU.ActiveCfg = Release|Any CPU
		{B2D17A92-4899-4D1D-902A-0DE16336D2EC}.Release|Any CPU.Build.0 = Release|Any CPU
		{C786CF94-E227-4204-8A88-02EE7CBED927}.Debug|Any CPU.ActiveCfg = Debug|Any CPU
		{C786CF94-E227-4204-8A88-02EE7CBED927}.Debug|Any CPU.Build.0 = Debug|Any CPU
		{C786CF94-E227-4204-8A88-02EE7CBED927}.Release|Any CPU.ActiveCfg = Release|Any CPU
		{C786CF94-E227-4204-8A88-02EE7CBED927}.Release|Any CPU.Build.0 = Release|Any CPU
		{E07F912E-B343-487D-A349-DAB62A154F5D}.Debug|Any CPU.ActiveCfg = Debug|Any CPU
		{E07F912E-B343-487D-A349-DAB62A154F5D}.Debug|Any CPU.Build.0 = Debug|Any CPU
		{E07F912E-B343-487D-A349-DAB62A154F5D}.Release|Any CPU.ActiveCfg = Release|Any CPU
		{E07F912E-B343-487D-A349-DAB62A154F5D}.Release|Any CPU.Build.0 = Release|Any CPU
		{4E3F1449-2108-48C7-B436-A4C44E27AB90}.Debug|Any CPU.ActiveCfg = Debug|Any CPU
		{4E3F1449-2108-48C7-B436-A4C44E27AB90}.Debug|Any CPU.Build.0 = Debug|Any CPU
		{4E3F1449-2108-48C7-B436-A4C44E27AB90}.Release|Any CPU.ActiveCfg = Release|Any CPU
		{4E3F1449-2108-48C7-B436-A4C44E27AB90}.Release|Any CPU.Build.0 = Release|Any CPU
		{5D61ABD3-FBB4-4483-9C34-51040ED1437F}.Debug|Any CPU.ActiveCfg = Debug|Any CPU
		{5D61ABD3-FBB4-4483-9C34-51040ED1437F}.Debug|Any CPU.Build.0 = Debug|Any CPU
		{5D61ABD3-FBB4-4483-9C34-51040ED1437F}.Release|Any CPU.ActiveCfg = Release|Any CPU
		{5D61ABD3-FBB4-4483-9C34-51040ED1437F}.Release|Any CPU.Build.0 = Release|Any CPU
		{51C412CA-87C6-4DC2-9A8D-2AE6226DF13A}.Debug|Any CPU.ActiveCfg = Debug|Any CPU
		{51C412CA-87C6-4DC2-9A8D-2AE6226DF13A}.Debug|Any CPU.Build.0 = Debug|Any CPU
		{51C412CA-87C6-4DC2-9A8D-2AE6226DF13A}.Release|Any CPU.ActiveCfg = Release|Any CPU
		{51C412CA-87C6-4DC2-9A8D-2AE6226DF13A}.Release|Any CPU.Build.0 = Release|Any CPU
		{DBC7338E-2B14-4F3F-90A4-C1938C25BED9}.Debug|Any CPU.ActiveCfg = Debug|Any CPU
		{DBC7338E-2B14-4F3F-90A4-C1938C25BED9}.Debug|Any CPU.Build.0 = Debug|Any CPU
		{DBC7338E-2B14-4F3F-90A4-C1938C25BED9}.Release|Any CPU.ActiveCfg = Release|Any CPU
		{DBC7338E-2B14-4F3F-90A4-C1938C25BED9}.Release|Any CPU.Build.0 = Release|Any CPU
		{7FFE0DF6-40CB-4CC1-B4AD-D9A0E3A6F158}.Debug|Any CPU.ActiveCfg = Debug|Any CPU
		{7FFE0DF6-40CB-4CC1-B4AD-D9A0E3A6F158}.Debug|Any CPU.Build.0 = Debug|Any CPU
		{7FFE0DF6-40CB-4CC1-B4AD-D9A0E3A6F158}.Release|Any CPU.ActiveCfg = Release|Any CPU
		{7FFE0DF6-40CB-4CC1-B4AD-D9A0E3A6F158}.Release|Any CPU.Build.0 = Release|Any CPU
	EndGlobalSection
	GlobalSection(SolutionProperties) = preSolution
		HideSolutionNode = FALSE
	EndGlobalSection
	GlobalSection(ExtensibilityGlobals) = postSolution
		SolutionGuid = {232C1820-BCA3-46C6-8828-87D36A44DB40}
	EndGlobalSection
EndGlobal
